PackratFormat: 1.4
PackratVersion: 0.5.0
RVersion: 3.6.1
Repos: CRAN=http://cran.rstudio.com

Package: BH
Source: CRAN
Version: 1.66.0-1
Hash: 4cc8883584b955ed01f38f68bc03af6d

Package: Brobdingnag
Source: CRAN
Version: 1.2-6
Hash: 543ab76a3f45b3befa35b301e0fa6b13

Package: Cairo
Source: CRAN
Version: 1.5-9
Hash: 6acb4ad0cff51c9f8148e344db173f70

Package: DBI
Source: CRAN
Version: 1.0.0
Hash: 6abedd7919c4457604c0aa44529a6683

Package: DT
Source: CRAN
Version: 0.4
Hash: a6e844446350a7128c734516fa8215e3
Requires: crosstalk, htmltools, htmlwidgets, magrittr

Package: Formula
Source: CRAN
Version: 1.2-3
Hash: 9772da3bc51603a19a2b75f008fd63e3

Package: HDInterval
Source: CRAN
Version: 0.2.0
Hash: abf9c9b233a449b298d7e069d168c303

Package: Hmisc
Source: CRAN
Version: 4.2-0
Hash: 785fae3e102162232f1c8934b9f7725b
Requires: Formula, acepack, base64enc, data.table, ggplot2, gridExtra,
    gtable, htmlTable, htmltools, latticeExtra, viridis

Package: LaplacesDemon
Source: CRAN
Version: 16.1.1
Hash: b3a9ebc1a96b39d2544284214fcc6a73

Package: PKI
Source: CRAN
Version: 0.1-5.1
Hash: 8c194fb34ebaab38a13e43ce84feedee
Requires: base64enc

Package: R6
Source: CRAN
Version: 2.3.0
Hash: 8eccabbf292b5aba632985cde6406fc3

Package: RColorBrewer
Source: CRAN
Version: 1.1-2
Hash: c0d56cd15034f395874c870141870c25

Package: RCurl
Source: CRAN
Version: 1.95-4.11
Hash: 98b1b04db217dc56baca68aa34079fdd
Requires: bitops

Package: RJSONIO
Source: CRAN
Version: 1.3-0
Hash: fb672e20eb6f3010a3639f855d8ef6de

Package: Rcpp
Source: CRAN
Version: 0.12.18
Hash: c80398774358bc105b9f91f7f7519d7a

Package: RcppEigen
Source: CRAN
Version: 0.3.3.4.0
Hash: 729bed05d050b25623e8b54768b6124f
Requires: Rcpp

Package: StanHeaders
Source: CRAN
Version: 2.17.2
Hash: f7dc3cfecec4ffeff07b52f57828d52b

Package: abind
Source: CRAN
Version: 1.4-5
Hash: 1ceb86ef5ebe776ed4753ab6165eb6d7

Package: acepack
Source: CRAN
Version: 1.4.1
Hash: 5ed3b04bc1fa1a934188fc6022d3ba7c

Package: arrayhelpers
Source: CRAN
Version: 1.0-20160527
Hash: 6390eab113f742fa458a93b32ca96b72
Requires: svUnit

Package: askpass
Source: CRAN
Version: 1.1
Hash: 6f6c430e3cd0dd7d48f447700f4d7e7f
Requires: sys

Package: assertthat
Source: CRAN
Version: 0.2.0
Hash: e8805df54c65ac96d50235c44a82615c

Package: backports
Source: CRAN
Version: 1.1.2
Hash: 5ae7b3466e529e4400951ca18c137e40

Package: base64enc
Source: CRAN
Version: 0.1-3
Hash: c590d29e555926af053055e23ee79efb

Package: bayesplot
Source: CRAN
Version: 1.6.0
Hash: 9e761b6aeab749b5aaa31a9b5c5da9de
Requires: dplyr, ggplot2, ggridges, reshape2, rlang

Package: beeswarm
Source: CRAN
Version: 0.2.3
Hash: 90a5d0b7b42693a31b3322462f87ac4c

Package: beliefupdatr
Source: github
Version: 0.1.4
Hash: a1297b5b025d4e63a86fe406f22293f3
Requires: BH, Rcpp, RcppEigen, StanHeaders, abind, assertthat, dplyr,
    purrr, reshape2, rlang, rstan, rstantools, tidyr, tidyverse
GithubRepo: beliefupdatr
GithubUsername: kleinschmidt
GithubRef: master
GithubSha1: 3ec8874fb2ce51b10ee4b5910f3a59fc1857487a
RemoteHost: api.github.com
RemoteRepo: beliefupdatr
RemoteUsername: kleinschmidt
RemoteRef: master
RemoteSha: 3ec8874fb2ce51b10ee4b5910f3a59fc1857487a

Package: bindr
Source: CRAN
Version: 0.1.1
Hash: 76578c5f543a6ecbc1365d6445f9ebf7

Package: bindrcpp
Source: CRAN
Version: 0.2.2
Hash: d1189679aec436c9280c498e5d01eaa8
Requires: Rcpp, bindr, plogr

Package: bitops
Source: CRAN
Version: 1.0-6
Hash: 67d0775189fd0041d95abca618c5c07e

Package: bridgesampling
Source: CRAN
Version: 0.5-2
Hash: 4ffe950689988de00522a80099b47192
Requires: Brobdingnag, coda, mvtnorm, scales, stringr

Package: brms
Source: CRAN
Version: 2.5.0
Hash: e9de088e0a30598fa696752a330c02cf
Requires: Rcpp, abind, backports, bayesplot, bridgesampling, coda,
    ggplot2, loo, matrixStats, nleqslv, rstan, rstantools, shinystan

Package: broom
Source: CRAN
Version: 0.5.0
Hash: 9f383b5f4632f82878222399b5fa7bbd
Requires: backports, dplyr, purrr, reshape2, stringr, tibble, tidyr

Package: callr
Source: CRAN
Version: 3.2.0
Hash: a6f55e383e4a82bf953aa92136c18d58
Requires: R6, processx

Package: cellranger
Source: CRAN
Version: 1.1.0
Hash: be9d203e7849f73818b36f93e9273c2c
Requires: rematch, tibble

Package: checkmate
Source: CRAN
Version: 1.9.1
Hash: 186aeac71d17a663047ece5d7ab3154f
Requires: backports

Package: cli
Source: CRAN
Version: 1.1.0
Hash: bc4e54014c2049f2605ad0c3ba0cce6b
Requires: assertthat, crayon

Package: clipr
Source: CRAN
Version: 0.4.1
Hash: caf20ae357bfa2ed50e0e7db267f69ce

Package: clisymbols
Source: CRAN
Version: 1.2.0
Hash: a76a309884277a4fd8a5d741965fbef5

Package: coda
Source: CRAN
Version: 0.19-1
Hash: e5aff7792ef292cd4306e58e25e403fe

Package: colorspace
Source: CRAN
Version: 1.3-2
Hash: 0bf8618b585fa98eb23414cd3ab95118

Package: colourpicker
Source: CRAN
Version: 1.0
Hash: eeabe1a468bdf15e9001a6cecbd56013
Requires: ggplot2, htmltools, htmlwidgets, jsonlite, miniUI, shiny,
    shinyjs

Package: cowplot
Source: CRAN
Version: 0.9.3
Hash: c9b93ad25628bdaf66e7a53b4ebe5510
Requires: ggplot2, gtable, plyr, scales

Package: crayon
Source: CRAN
Version: 1.3.4
Hash: ff2840dd9b0d563fc80377a5a45510cd

Package: crosstalk
Source: CRAN
Version: 1.0.0
Hash: c13adea5906fbe2becfcb5f843b26749
Requires: R6, ggplot2, htmltools, jsonlite, lazyeval, shiny

Package: curl
Source: CRAN
Version: 3.2
Hash: 82a7cf5bb702ef52329b6d23ea6132a7

Package: data.table
Source: CRAN
Version: 1.12.0
Hash: d382bb97e2d9dd05ad8070e41513dcb1

Package: daver
Source: github
Version: 0.0.4
Hash: b63f7682a3343687c8df842ce882bf2b
Requires: assertthat, dplyr, lazyeval, purrr
GithubRepo: daver
GithubUsername: kleinschmidt
GithubRef: master
GithubSha1: 501c8dfbf77af49ff512beae7d09e582dd8adc94

Package: dbplyr
Source: CRAN
Version: 1.2.2
Hash: f09ea2f1a5c31d86b061d7121fab5db8
Requires: DBI, R6, assertthat, dplyr, glue, purrr, rlang, tibble,
    tidyselect

Package: desc
Source: CRAN
Version: 1.2.0
Hash: a0a3ca939997679a52816bae4ed6aaae
Requires: R6, assertthat, crayon, rprojroot

Package: devtools
Source: CRAN
Version: 2.0.2
Hash: 9d0d6e31d44ffe876c3328fc444ae787
Requires: callr, cli, digest, git2r, httr, jsonlite, memoise, pkgbuild,
    pkgload, rcmdcheck, remotes, rstudioapi, sessioninfo, usethis,
    withr

Package: digest
Source: CRAN
Version: 0.6.17
Hash: 6bd8bf6c0430a024a994f2481c2d8516

Package: dplyr
Source: CRAN
Version: 0.7.6
Hash: c3ab15fec1303345fea300dfbc34d995
Requires: BH, R6, Rcpp, assertthat, bindrcpp, glue, magrittr,
    pkgconfig, plogr, rlang, tibble, tidyselect

Package: dygraphs
Source: CRAN
Version: 1.1.1.6
Hash: d79b4000362792fec89263172aabb541
Requires: htmltools, htmlwidgets, magrittr, xts, zoo

Package: ellipsis
Source: CRAN
Version: 0.2.0
Hash: 6e4cc08abc9acea79c2f95b79b21001c
Requires: rlang

Package: evaluate
Source: CRAN
Version: 0.11
Hash: 2d90e734f5c12a3473f4be8ef3c15ebb
Requires: stringr

Package: fansi
Source: CRAN
Version: 0.3.0
Hash: 8d0a24d8245abbfa2b030460734495ab

Package: forcats
Source: CRAN
Version: 0.3.0
Hash: 770f3834b97a2c429bdecb7a5f27eb25
Requires: magrittr, rlang, tibble

Package: fs
Source: CRAN
Version: 1.3.1
Hash: 71276ea7a54d2caea6ca7f7b2444567d
Requires: Rcpp

Package: generics
Source: CRAN
Version: 0.0.2
Hash: 4aaf002dd434e8c854611c5d11a1d58e

Package: ggbeeswarm
Source: CRAN
Version: 0.6.0
Hash: 9c9a2fe45ce22333ea92290669c10a32
Requires: beeswarm, ggplot2, vipor

Package: ggplot2
Source: CRAN
Version: 3.0.0
Hash: 8332448b76ff31472a1bf6dd31fcddb1
Requires: digest, gtable, lazyeval, plyr, reshape2, rlang, scales,
    tibble, viridisLite, withr

Package: ggridges
Source: CRAN
Version: 0.5.0
Hash: b94d7c28e665d16d28c1d26fe48358a1
Requires: ggplot2, plyr, scales, withr

Package: ggstance
Source: CRAN
Version: 0.3.1
Hash: 8a8e7e4391fca36c024286b47f6d17f1
Requires: ggplot2, plyr, rlang, withr

Package: gh
Source: CRAN
Version: 1.0.1
Hash: 3f8812accd1320227d744bca620e8c42
Requires: httr, ini, jsonlite

Package: git2r
Source: CRAN
Version: 0.25.2
Hash: 95c91baea310d669c023627b454b5887

Package: glue
Source: CRAN
Version: 1.3.0
Hash: 1fbde6dec830370be696eee8ef31c9e4

Package: gridExtra
Source: CRAN
Version: 2.3
Hash: fa977bc1aab5588a08123b10ceb1ad3d
Requires: gtable

Package: gtable
Source: CRAN
Version: 0.2.0
Hash: cd78381a9d3fea966ac39bd0daaf5554

Package: gtools
Source: CRAN
Version: 3.8.1
Hash: 6cb09dd6faf3aeac5c5acae55bfa6495

Package: haven
Source: CRAN
Version: 1.1.2
Hash: 6a516ac0a2df1e163f5def6ea0542ce8
Requires: Rcpp, forcats, hms, readr, tibble

Package: highr
Source: CRAN
Version: 0.7
Hash: 20757f5c393ed0ecf96c9e8e6d8d514c

Package: hms
Source: CRAN
Version: 0.4.2
Hash: b4096a4f6a6736138e9a825c2baaacf0
Requires: pkgconfig, rlang

Package: htmlTable
Source: CRAN
Version: 1.13.1
Hash: 07cae3d810dfd567a6004c78e6c638cb
Requires: checkmate, htmltools, htmlwidgets, knitr, magrittr,
    rstudioapi, stringr

Package: htmltools
Source: CRAN
Version: 0.3.6
Hash: 87bd72cdfc46f686bbd46b180cb5f0b5
Requires: Rcpp, digest

Package: htmlwidgets
Source: CRAN
Version: 1.2
Hash: de18b75f31630089b22e30d4b188cfbe
Requires: htmltools, jsonlite, yaml

Package: httpuv
Source: CRAN
Version: 1.4.5
Hash: cd2060e67b4f5416b37e7ebb13ed9f22
Requires: BH, Rcpp, later, promises

Package: httr
Source: CRAN
Version: 1.3.1
Hash: 2d32e01e53d532c812052e27a1021441
Requires: R6, curl, jsonlite, mime, openssl

Package: igraph
Source: CRAN
Version: 1.2.2
Hash: 1e95612a0034372c6a387fbeff90992f
Requires: magrittr, pkgconfig

Package: ini
Source: CRAN
Version: 0.3.1
Hash: 9d6de5178c1cedabfb24e7d2acc9a092

Package: inline
Source: CRAN
Version: 0.3.15
Hash: 8033115a3e00ec516e3fc97240b1649f

Package: jsonlite
Source: CRAN
Version: 1.5
Hash: 9c51936d8dd00b2f1d4fe9d10499694c

Package: knitr
Source: CRAN
Version: 1.20
Hash: 9c6b215d1d02b97586c8232e94533e6a
Requires: evaluate, highr, markdown, stringr, yaml

Package: labeling
Source: CRAN
Version: 0.3
Hash: ecf589b42cd284b03a4beb9665482d3e

Package: later
Source: CRAN
Version: 0.7.4
Hash: d7daed66a028a24628150c3ca05f3239
Requires: BH, Rcpp, rlang

Package: latex2exp
Source: CRAN
Version: 0.4.0
Hash: ba3213bf775f6d3dbe18ee7d1ff7b047
Requires: magrittr, stringr

Package: latticeExtra
Source: CRAN
Version: 0.6-28
Hash: efdf3a10a129129f7b8f4ae5a0d7ec3d
Requires: RColorBrewer

Package: lazyeval
Source: CRAN
Version: 0.2.1
Hash: 88926ad9c43581fd0822a37c8ed09f05

Package: lme4
Source: CRAN
Version: 1.1-18-1
Hash: 3ff64f9dffca9dc34b2e5e6c25754c0a
Requires: Rcpp, RcppEigen, minqa, nloptr

Package: loo
Source: CRAN
Version: 2.0.0
Hash: 66aa733a1e23e613cece0da1708dfc82
Requires: matrixStats

Package: lubridate
Source: CRAN
Version: 1.7.4
Hash: 3550629bf2f4a4987338fa59f6f47bee
Requires: Rcpp, stringr

Package: magrittr
Source: CRAN
Version: 1.5
Hash: bdc4d48c3135e8f3b399536ddf160df4

Package: markdown
Source: CRAN
Version: 0.8
Hash: 045d7c594d503b41f1c28946d076c8aa
Requires: mime

Package: matrixStats
Source: CRAN
Version: 0.54.0
Hash: c96ee9d709385c9a1f8075c3a756b679

Package: memoise
Source: CRAN
Version: 1.1.0
Hash: 410fcd334bc626db100237cc1370f2e9
Requires: digest

Package: mime
Source: CRAN
Version: 0.5
Hash: 463550cf44fb6f0a2359368f42eebe62

Package: miniUI
Source: CRAN
Version: 0.1.1.1
Hash: c7e3ea486421c2fa5b03bb7fcd0415f6
Requires: htmltools, shiny

Package: minqa
Source: CRAN
Version: 1.2.4
Hash: d7cddd6f1841f7fd4bcfb11f7200119f
Requires: Rcpp

Package: modelr
Source: CRAN
Version: 0.1.2
Hash: f691854a99ac7814f3853d499408d9a3
Requires: broom, dplyr, magrittr, purrr, rlang, tibble, tidyr

Package: munsell
Source: CRAN
Version: 0.5.0
Hash: 38d0efee9bb99bef143bde41c4ce715c
Requires: colorspace

Package: mvtnorm
Source: CRAN
Version: 1.0-8
Hash: e25c3a05f11c359f1ce641cdc4b28d92

Package: nleqslv
Source: CRAN
Version: 3.3.2
Hash: 6881a383b5f205e5af2e75eb3617358e

Package: nloptr
Source: CRAN
Version: 1.0.4
Hash: 8053df240a4635aeb54fc68c6de67709

Package: openssl
Source: CRAN
Version: 1.0.2
Hash: 12a42cbd5aecdb887782247856ccbafd

Package: packrat
Source: CRAN
Version: 0.5.0
Hash: 498643e765d1442ba7b1160a1df3abf9

Package: pillar
Source: CRAN
Version: 1.3.0
Hash: 3e43f774fa6dfba877caca1aebbeaa6a
Requires: cli, crayon, fansi, rlang, utf8

Package: pkgbuild
Source: CRAN
Version: 1.0.3
Hash: 9e6684b6946aa7199348754fb6da94ce
Requires: R6, callr, cli, crayon, desc, prettyunits, rprojroot, withr

Package: pkgconfig
Source: CRAN
Version: 2.0.2
Hash: b0fd6ed908e150b77e5f00c6478bd58c

Package: pkgload
Source: CRAN
Version: 1.0.2
Hash: 41eb2db35be61f6f9e8864cf87a1ecb0
Requires: desc, pkgbuild, rlang, rprojroot, rstudioapi, withr

Package: plogr
Source: CRAN
Version: 0.2.0
Hash: 81a8008a5e7858552503935f1abe48aa

Package: plyr
Source: CRAN
Version: 1.8.4
Hash: 955a61e66001e7df410eea81969a8486
Requires: Rcpp

Package: prettyunits
Source: CRAN
Version: 1.0.2
Hash: 49286102a855640daaa38eafe8b1ec30
Requires: assertthat, magrittr

Package: processx
Source: CRAN
Version: 3.3.1
Hash: 9b578d17e6615a8e506ba649afc15763
Requires: R6, ps

Package: progress
Source: CRAN
Version: 1.2.2
Hash: 209280eb751acf5899f7c69366e14bd3
Requires: R6, crayon, hms, prettyunits

Package: promises
Source: CRAN
Version: 1.0.1
Hash: 9ee8718e398a6a33a5d22b30cd1c037d
Requires: R6, Rcpp, later, magrittr, rlang

Package: ps
Source: CRAN
Version: 1.3.0
Hash: 1d4cae95887ffe5b1a22bea5994476cd

Package: purrr
Source: CRAN
Version: 0.2.5
Hash: 8b0c16db10c7e20b70cd37779a673a8b
Requires: magrittr, rlang, tibble

Package: purrrlyr
Source: CRAN
Version: 0.0.3
Hash: b1b455a184a16554cad7ebf8fb9fa3d9
Requires: BH, Rcpp, dplyr, magrittr, purrr

Package: rcmdcheck
Source: CRAN
Version: 1.3.3
Hash: df2319559a8ed16e5b4d5f99de3e00a0
Requires: R6, callr, cli, crayon, desc, digest, pkgbuild, prettyunits,
    rprojroot, sessioninfo, withr, xopen

Package: readr
Source: CRAN
Version: 1.1.1
Hash: e03dd75d634f416628e150f67efeba36
Requires: BH, R6, Rcpp, hms, tibble

Package: readxl
Source: CRAN
Version: 1.1.0
Hash: cba42418580add10d5e076f41b80cad8
Requires: Rcpp, cellranger, tibble

Package: rematch
Source: CRAN
Version: 1.0.1
Hash: ad4faf59e7611117ff165817074c50c7

Package: remotes
Source: CRAN
Version: 2.0.4
Hash: 0c43ff5305e5ac1fa6d4a5546a8e6d87

Package: reprex
Source: CRAN
Version: 0.2.0
Hash: d2b97b85312b861e71650fbc6a2aea2c
Requires: callr, clipr, rlang, rmarkdown, whisker, withr

Package: reshape2
Source: CRAN
Version: 1.4.3
Hash: a08472524968be4e233b4c8d0ae5aef1
Requires: Rcpp, plyr, stringr

Package: rlang
Source: CRAN
Version: 0.3.4
Hash: 6a5220d1a973463418286038095d8c0b

Package: rmarkdown
Source: CRAN
Version: 1.10
Hash: 02f1aac33000c63986c6b5585e36e7ae
Requires: base64enc, evaluate, htmltools, jsonlite, knitr, mime,
    rprojroot, stringr, tinytex, yaml

Package: rprojroot
Source: CRAN
Version: 1.3-2
Hash: a25c3f70c166fb3fbabc410eb32b6366
Requires: backports

Package: rsconnect
Source: CRAN
Version: 0.8.8
Hash: 65aaa7b253eda0ec1dcd1b1352c7b3ee
Requires: PKI, RCurl, RJSONIO, digest, packrat, rstudioapi, yaml

Package: rstan
Source: CRAN
Version: 2.17.3
Hash: da18a2463998dab0ac79d7bc03823833
Requires: BH, Rcpp, RcppEigen, StanHeaders, ggplot2, gridExtra, inline

Package: rstantools
Source: CRAN
Version: 1.5.1
Hash: 0ee67ec64cb9db0f6dfa5c0ad08f48af

Package: rstudioapi
Source: CRAN
Version: 0.7
Hash: e2ebaff8160aff3e6b32e6e78a693c2d

Package: rvest
Source: CRAN
Version: 0.3.2
Hash: c69f7526520bad66fd2111ebe8b1364b
Requires: httr, magrittr, selectr, xml2

Package: scales
Source: CRAN
Version: 1.0.0
Hash: 17b6945d25b9288cdf03f5e5005842dc
Requires: R6, RColorBrewer, Rcpp, labeling, munsell, viridisLite

Package: selectr
Source: CRAN
Version: 0.4-1
Hash: b12802c11e35dec9d16a74d30ed0f3ed
Requires: R6, stringr

Package: sessioninfo
Source: CRAN
Version: 1.1.1
Hash: 9e50c8458e611f166ba702277cbb5096
Requires: cli, withr

Package: shiny
Source: CRAN
Version: 1.1.0
Hash: ab653b45dba6dc82eef68fb1e18a3b1a
Requires: R6, crayon, digest, htmltools, httpuv, jsonlite, later, mime,
    promises, rlang, sourcetools, xtable

Package: shinyjs
Source: CRAN
Version: 1.0
Hash: ea95f751025e50227a96100be35e970b
Requires: digest, htmltools, jsonlite, shiny

Package: shinystan
Source: CRAN
Version: 2.5.0
Hash: 7e57cf5295bf30990d9831658ce9c848
Requires: DT, bayesplot, colourpicker, dygraphs, ggplot2, gridExtra,
    gtools, markdown, reshape2, rsconnect, rstan, shiny, shinyjs,
    shinythemes, threejs, xtable, xts

Package: shinythemes
Source: CRAN
Version: 1.1.1
Hash: d15f59eaa7a9a0668cea3af7f477820c
Requires: shiny

Package: sourcetools
Source: CRAN
Version: 0.1.7
Hash: d093478ac90064e670cd4bf1a99b47b6

Package: stringi
Source: CRAN
Version: 1.2.4
Hash: 03ab60ef7fa4627b38ad67c95ce6b04c

Package: stringr
Source: CRAN
Version: 1.3.1
Hash: 9f417a1d899ed1f080942ab36998e8b5
Requires: glue, magrittr, stringi

Package: supunsup
Source: github
Version: 0.2.0
Hash: 545713188160690b0623c77a19155e3e
Requires: dplyr, ggplot2, lme4, stringr, tidyr
GithubRepo: phonetic-sup-unsup
GithubUsername: kleinschmidt
GithubRef: master
GithubSha1: 5c51177e61d7be67942a0657d6ce22b60956aab4

Package: svUnit
Source: CRAN
Version: 0.7-12
Hash: e5e06c352508376672064e9178df1f20

Package: sys
Source: CRAN
Version: 3.2
Hash: aaa3f56d4255306a32ea30df8ef63901

Package: threejs
Source: CRAN
Version: 0.3.1
Hash: 8d46804909b9b07bc554a195930ed9f6
Requires: base64enc, crosstalk, htmlwidgets, igraph

Package: tibble
Source: CRAN
Version: 1.4.2
Hash: 83895360ce4f8d2ce92eee00526b5b0b
Requires: cli, crayon, pillar, rlang

Package: tidybayes
Source: CRAN
Version: 1.0.1
Hash: 624f372bb2022f4bd526ba9deed99fec
Requires: HDInterval, LaplacesDemon, arrayhelpers, coda, dplyr,
    forcats, ggplot2, ggridges, ggstance, magrittr, plyr, purrr, rlang,
    stringi, stringr, tibble, tidyr, tidyselect

Package: tidyr
Source: CRAN
Version: 0.8.1
Hash: ab27bbdbb8535215cbc0adad1d7001fe
Requires: Rcpp, dplyr, glue, magrittr, purrr, rlang, stringi, tibble,
    tidyselect

Package: tidyselect
Source: CRAN
Version: 0.2.4
Hash: 83708a870de7a4063e31f3f7f5a13f26
Requires: Rcpp, glue, purrr, rlang

Package: tidyverse
Source: CRAN
Version: 1.2.1
Hash: 1b090209cb20b6fc6eba75de8b7f0b53
Requires: broom, cli, crayon, dbplyr, dplyr, forcats, ggplot2, haven,
    hms, httr, jsonlite, lubridate, magrittr, modelr, purrr, readr,
    readxl, reprex, rlang, rstudioapi, rvest, stringr, tibble, tidyr,
    xml2

Package: tinytex
Source: CRAN
Version: 0.8
Hash: bf76759350cd2bfec401d8861a61ad66
Requires: xfun

Package: usethis
Source: CRAN
Version: 1.5.0
Hash: 56dfac7b823f31dede3b13a256d4e6f1
Requires: clipr, clisymbols, crayon, curl, desc, fs, gh, git2r, glue,
    purrr, rlang, rprojroot, rstudioapi, whisker, withr, yaml

Package: utf8
Source: CRAN
Version: 1.1.4
Hash: f3f97ce59092abc8ed3fd098a59e236c

Package: vctrs
Source: CRAN
Version: 0.1.0
Hash: a03152baad7a9b92950b29f528dae6a7
Requires: backports, digest, glue, rlang, zeallot

Package: vipor
Source: CRAN
Version: 0.4.5
Hash: 70876a39abff4ef560c2e1c95293de90

Package: viridis
Source: CRAN
Version: 0.5.1
Hash: 39edaec2078b4fc928afb73cc1ce6625
Requires: ggplot2, gridExtra, viridisLite

Package: viridisLite
Source: CRAN
Version: 0.3.0
Hash: 78bb072c4f9e729a283d4c40ec93f9c6

Package: votcorpora
Source: github
Version: 1.0.1
Hash: 9eb6831ce3ae8eccc9b4042c030be59a
Requires: tibble
GithubRepo: votcorpora
GithubUsername: kleinschmidt
GithubRef: master
GithubSha1: 9bba9a510e46a6fa2be15704b9deb4e1a11b2867

Package: whisker
Source: CRAN
Version: 0.3-2
Hash: 803d662762e532705c2c066a82d066e7

Package: withr
Source: CRAN
Version: 2.1.2
Hash: d534108bcd5f34ec73e9eb523751ba20

Package: xfun
Source: CRAN
Version: 0.3
Hash: 3b1cb5fdcfb96c88e3f9ab0239fbd048

Package: xml2
Source: CRAN
Version: 1.2.0
Hash: c8ee87d7a476cb806001136d64cb0a9e
Requires: Rcpp

Package: xopen
Source: CRAN
Version: 1.0.0
Hash: 22c2708f177f9fd9f8a52012bac61d6a
Requires: processx

Package: xtable
Source: CRAN
Version: 1.8-3
Hash: 91199102994584c5f0e8cbba5582ecc4

Package: xts
Source: CRAN
Version: 0.11-1
Hash: 623ab16d2a0bacba93fc9600fbb90693
Requires: zoo

Package: yaml
Source: CRAN
Version: 2.2.0
Hash: a5ad5616d83d89f8d84cbf3cf4034e13

Package: zeallot
Source: CRAN
Version: 0.1.0
Hash: 10b2ed48e202b4db421ae864041dc4b2

Package: zoo
Source: CRAN
Version: 1.8-3
Hash: 4bce098336ac3f580cd4d2f250f415ad
